{
  "originHash" : "1daf45c9be784e56e0df7392663de88db04984e209eeea3f6a5611dee98f31b8",
  "pins" : [
    {
      "identity" : "ghosttea",
      "kind" : "remoteSourceControl",
      "location" : "https://github.com/vibecook-dev/ghosttea.git",
      "state" : {
        "revision" : "b55b8036ac7627c3634f80869d0667dbdc29f9d9",
        "version" : "0.9.2"
      }
    },
    {
      "identity" : "truffle",
      "kind" : "remoteSourceControl",
      "location" : "https://github.com/vibecook-dev/truffle.git",
      "state" : {
        "revision" : "2cf5732bbeda8e3a2b9c3e444f471f303b6b8040",
        "version" : "0.7.12"
      }
    }
  ],
  "version" : 3
}
