{
  "originHash" : "459b1a4e86a3180bfcbb07b979423a3a226156fedf777d5a1f23725a45abd951",
  "pins" : [
    {
      "identity" : "ghosttea",
      "kind" : "remoteSourceControl",
      "location" : "https://github.com/vibecook-dev/ghosttea.git",
      "state" : {
        "revision" : "43361e53b5e13fb70ae258d58b3bf94aa2a3fe80",
        "version" : "0.10.0"
      }
    },
    {
      "identity" : "truffle",
      "kind" : "remoteSourceControl",
      "location" : "https://github.com/vibecook-dev/truffle.git",
      "state" : {
        "revision" : "2cf5732bbeda8e3a2b9c3e444f471f303b6b8040",
        "version" : "0.7.12"
      }
    }
  ],
  "version" : 3
}
