{
  "originHash" : "0e9914ce5024088350f4be4a570805c8164897820eb09c4fb6c1aa2f25529fdb",
  "pins" : [
    {
      "identity" : "ghosttea",
      "kind" : "remoteSourceControl",
      "location" : "https://github.com/vibecook-dev/ghosttea.git",
      "state" : {
        "revision" : "866052f3b8d03a11c2484adeefbe8fff8acf5676",
        "version" : "0.9.0"
      }
    },
    {
      "identity" : "truffle",
      "kind" : "remoteSourceControl",
      "location" : "https://github.com/vibecook-dev/truffle.git",
      "state" : {
        "revision" : "8d6271ef9b8869b49a886e0cfb6eb95d03e89eb7",
        "version" : "0.7.11"
      }
    }
  ],
  "version" : 3
}
